// !$*UTF8*$!
{
	archiveVersion = 1;
	classes = {
	};
	objectVersion = 55;
	objects = {

/* Begin PBXBuildFile section */
		BE3F1DDD284639FF00EED4E3 /* URLSession+Extension.swift in Sources */ = {isa = PBXBuildFile; fileRef = BE3F1DCB284639FF00EED4E3 /* URLSession+Extension.swift */; };
		BE3F1DDE284639FF00EED4E3 /* Collection+Extensions.swift in Sources */ = {isa = PBXBuildFile; fileRef = BE3F1DCC284639FF00EED4E3 /* Collection+Extensions.swift */; };
		BE3F1DDF284639FF00EED4E3 /* Stats.swift in Sources */ = {isa = PBXBuildFile; fileRef = BE3F1DCE284639FF00EED4E3 /* Stats.swift */; };
		BE3F1DE0284639FF00EED4E3 /* RzdResponse.swift in Sources */ = {isa = PBXBuildFile; fileRef = BE3F1DCF284639FF00EED4E3 /* RzdResponse.swift */; };
		BE3F1DE1284639FF00EED4E3 /* RzdStation.swift in Sources */ = {isa = PBXBuildFile; fileRef = BE3F1DD0284639FF00EED4E3 /* RzdStation.swift */; };
		BE3F1DE2284639FF00EED4E3 /* RzdJobGenerator.swift in Sources */ = {isa = PBXBuildFile; fileRef = BE3F1DD2284639FF00EED4E3 /* RzdJobGenerator.swift */; };
		BE3F1DE3284639FF00EED4E3 /* Job.swift in Sources */ = {isa = PBXBuildFile; fileRef = BE3F1DD3284639FF00EED4E3 /* Job.swift */; };
		BE3F1DE4284639FF00EED4E3 /* RzdJob.swift in Sources */ = {isa = PBXBuildFile; fileRef = BE3F1DD4284639FF00EED4E3 /* RzdJob.swift */; };
		BE3F1DE5284639FF00EED4E3 /* RzdWorker.swift in Sources */ = {isa = PBXBuildFile; fileRef = BE3F1DD6284639FF00EED4E3 /* RzdWorker.swift */; };
		BE3F1DE6284639FF00EED4E3 /* RzdRequestGenerator.swift in Sources */ = {isa = PBXBuildFile; fileRef = BE3F1DD7284639FF00EED4E3 /* RzdRequestGenerator.swift */; };
		BE3F1DE7284639FF00EED4E3 /* Worker.swift in Sources */ = {isa = PBXBuildFile; fileRef = BE3F1DD8284639FF00EED4E3 /* Worker.swift */; };
		BE3F1DE8284639FF00EED4E3 /* main.swift in Sources */ = {isa = PBXBuildFile; fileRef = BE3F1DD9284639FF00EED4E3 /* main.swift */; };
		BE3F1DFC28463A3700EED4E3 /* Tests.swift in Sources */ = {isa = PBXBuildFile; fileRef = BE3F1DFB28463A3700EED4E3 /* Tests.swift */; };
		BE3F1E0328463A9600EED4E3 /* ArgumentParser in Frameworks */ = {isa = PBXBuildFile; productRef = BE3F1E0228463A9600EED4E3 /* ArgumentParser */; };
		BE3F1E0628464EAC00EED4E3 /* RzdTarget.swift in Sources */ = {isa = PBXBuildFile; fileRef = BE3F1E0528464EAC00EED4E3 /* RzdTarget.swift */; };
		BE3F1E0828464EC100EED4E3 /* Target.swift in Sources */ = {isa = PBXBuildFile; fileRef = BE3F1E0728464EC100EED4E3 /* Target.swift */; };
/* End PBXBuildFile section */

/* Begin PBXCopyFilesBuildPhase section */
		BE3F1DBC284639DB00EED4E3 /* CopyFiles */ = {
			isa = PBXCopyFilesBuildPhase;
			buildActionMask = 2147483647;
			dstPath = /usr/share/man/man1/;
			dstSubfolderSpec = 0;
			files = (
			);
			runOnlyForDeploymentPostprocessing = 1;
		};
/* End PBXCopyFilesBuildPhase section */

/* Begin PBXFileReference section */
		BE3F1DBE284639DB00EED4E3 /* runah */ = {isa = PBXFileReference; explicitFileType = "compiled.mach-o.executable"; includeInIndex = 0; path = runah; sourceTree = BUILT_PRODUCTS_DIR; };
		BE3F1DCB284639FF00EED4E3 /* URLSession+Extension.swift */ = {isa = PBXFileReference; fileEncoding = 4; lastKnownFileType = sourcecode.swift; path = "URLSession+Extension.swift"; sourceTree = "<group>"; };
		BE3F1DCC284639FF00EED4E3 /* Collection+Extensions.swift */ = {isa = PBXFileReference; fileEncoding = 4; lastKnownFileType = sourcecode.swift; path = "Collection+Extensions.swift"; sourceTree = "<group>"; };
		BE3F1DCE284639FF00EED4E3 /* Stats.swift */ = {isa = PBXFileReference; fileEncoding = 4; lastKnownFileType = sourcecode.swift; path = Stats.swift; sourceTree = "<group>"; };
		BE3F1DCF284639FF00EED4E3 /* RzdResponse.swift */ = {isa = PBXFileReference; fileEncoding = 4; lastKnownFileType = sourcecode.swift; path = RzdResponse.swift; sourceTree = "<group>"; };
		BE3F1DD0284639FF00EED4E3 /* RzdStation.swift */ = {isa = PBXFileReference; fileEncoding = 4; lastKnownFileType = sourcecode.swift; path = RzdStation.swift; sourceTree = "<group>"; };
		BE3F1DD2284639FF00EED4E3 /* RzdJobGenerator.swift */ = {isa = PBXFileReference; fileEncoding = 4; lastKnownFileType = sourcecode.swift; path = RzdJobGenerator.swift; sourceTree = "<group>"; };
		BE3F1DD3284639FF00EED4E3 /* Job.swift */ = {isa = PBXFileReference; fileEncoding = 4; lastKnownFileType = sourcecode.swift; path = Job.swift; sourceTree = "<group>"; };
		BE3F1DD4284639FF00EED4E3 /* RzdJob.swift */ = {isa = PBXFileReference; fileEncoding = 4; lastKnownFileType = sourcecode.swift; path = RzdJob.swift; sourceTree = "<group>"; };
		BE3F1DD6284639FF00EED4E3 /* RzdWorker.swift */ = {isa = PBXFileReference; fileEncoding = 4; lastKnownFileType = sourcecode.swift; path = RzdWorker.swift; sourceTree = "<group>"; };
		BE3F1DD7284639FF00EED4E3 /* RzdRequestGenerator.swift */ = {isa = PBXFileReference; fileEncoding = 4; lastKnownFileType = sourcecode.swift; path = RzdRequestGenerator.swift; sourceTree = "<group>"; };
		BE3F1DD8284639FF00EED4E3 /* Worker.swift */ = {isa = PBXFileReference; fileEncoding = 4; lastKnownFileType = sourcecode.swift; path = Worker.swift; sourceTree = "<group>"; };
		BE3F1DD9284639FF00EED4E3 /* main.swift */ = {isa = PBXFileReference; fileEncoding = 4; lastKnownFileType = sourcecode.swift; path = main.swift; sourceTree = "<group>"; };
		BE3F1DF928463A3700EED4E3 /* Tests.xctest */ = {isa = PBXFileReference; explicitFileType = wrapper.cfbundle; includeInIndex = 0; path = Tests.xctest; sourceTree = BUILT_PRODUCTS_DIR; };
		BE3F1DFB28463A3700EED4E3 /* Tests.swift */ = {isa = PBXFileReference; lastKnownFileType = sourcecode.swift; path = Tests.swift; sourceTree = "<group>"; };
		BE3F1E0528464EAC00EED4E3 /* RzdTarget.swift */ = {isa = PBXFileReference; lastKnownFileType = sourcecode.swift; path = RzdTarget.swift; sourceTree = "<group>"; };
		BE3F1E0728464EC100EED4E3 /* Target.swift */ = {isa = PBXFileReference; lastKnownFileType = sourcecode.swift; path = Target.swift; sourceTree = "<group>"; };
/* End PBXFileReference section */

/* Begin PBXFrameworksBuildPhase section */
		BE3F1DBB284639DB00EED4E3 /* Frameworks */ = {
			isa = PBXFrameworksBuildPhase;
			buildActionMask = 2147483647;
			files = (
				BE3F1E0328463A9600EED4E3 /* ArgumentParser in Frameworks */,
			);
			runOnlyForDeploymentPostprocessing = 0;
		};
		BE3F1DF628463A3700EED4E3 /* Frameworks */ = {
			isa = PBXFrameworksBuildPhase;
			buildActionMask = 2147483647;
			files = (
			);
			runOnlyForDeploymentPostprocessing = 0;
		};
/* End PBXFrameworksBuildPhase section */

/* Begin PBXGroup section */
		BE3F1DB5284639DB00EED4E3 = {
			isa = PBXGroup;
			children = (
				BE3F1DC8284639FF00EED4E3 /* Sources */,
				BE3F1DFA28463A3700EED4E3 /* Tests */,
				BE3F1DBF284639DB00EED4E3 /* Products */,
			);
			sourceTree = "<group>";
		};
		BE3F1DBF284639DB00EED4E3 /* Products */ = {
			isa = PBXGroup;
			children = (
				BE3F1DBE284639DB00EED4E3 /* runah */,
				BE3F1DF928463A3700EED4E3 /* Tests.xctest */,
			);
			name = Products;
			sourceTree = "<group>";
		};
		BE3F1DC8284639FF00EED4E3 /* Sources */ = {
			isa = PBXGroup;
			children = (
				BE3F1DC9284639FF00EED4E3 /* runah */,
			);
			path = Sources;
			sourceTree = "<group>";
		};
		BE3F1DC9284639FF00EED4E3 /* runah */ = {
			isa = PBXGroup;
			children = (
				BE3F1DD9284639FF00EED4E3 /* main.swift */,
				BE3F1DCA284639FF00EED4E3 /* Extensions */,
				BE3F1DD1284639FF00EED4E3 /* Job */,
				BE3F1DCD284639FF00EED4E3 /* Model */,
				BE3F1E0428464EA400EED4E3 /* Target */,
				BE3F1DD5284639FF00EED4E3 /* Worker */,
			);
			path = runah;
			sourceTree = "<group>";
		};
		BE3F1DCA284639FF00EED4E3 /* Extensions */ = {
			isa = PBXGroup;
			children = (
				BE3F1DCC284639FF00EED4E3 /* Collection+Extensions.swift */,
				BE3F1DCB284639FF00EED4E3 /* URLSession+Extension.swift */,
			);
			path = Extensions;
			sourceTree = "<group>";
		};
		BE3F1DCD284639FF00EED4E3 /* Model */ = {
			isa = PBXGroup;
			children = (
				BE3F1DCF284639FF00EED4E3 /* RzdResponse.swift */,
				BE3F1DD0284639FF00EED4E3 /* RzdStation.swift */,
				BE3F1DCE284639FF00EED4E3 /* Stats.swift */,
			);
			path = Model;
			sourceTree = "<group>";
		};
		BE3F1DD1284639FF00EED4E3 /* Job */ = {
			isa = PBXGroup;
			children = (
				BE3F1DD3284639FF00EED4E3 /* Job.swift */,
				BE3F1DD4284639FF00EED4E3 /* RzdJob.swift */,
				BE3F1DD2284639FF00EED4E3 /* RzdJobGenerator.swift */,
			);
			path = Job;
			sourceTree = "<group>";
		};
		BE3F1DD5284639FF00EED4E3 /* Worker */ = {
			isa = PBXGroup;
			children = (
				BE3F1DD7284639FF00EED4E3 /* RzdRequestGenerator.swift */,
				BE3F1DD6284639FF00EED4E3 /* RzdWorker.swift */,
				BE3F1DD8284639FF00EED4E3 /* Worker.swift */,
			);
			path = Worker;
			sourceTree = "<group>";
		};
		BE3F1DFA28463A3700EED4E3 /* Tests */ = {
			isa = PBXGroup;
			children = (
				BE3F1DFB28463A3700EED4E3 /* Tests.swift */,
			);
			path = Tests;
			sourceTree = "<group>";
		};
		BE3F1E0428464EA400EED4E3 /* Target */ = {
			isa = PBXGroup;
			children = (
				BE3F1E0528464EAC00EED4E3 /* RzdTarget.swift */,
				BE3F1E0728464EC100EED4E3 /* Target.swift */,
			);
			path = Target;
			sourceTree = "<group>";
		};
/* End PBXGroup section */

/* Begin PBXNativeTarget section */
		BE3F1DBD284639DB00EED4E3 /* runah */ = {
			isa = PBXNativeTarget;
			buildConfigurationList = BE3F1DC5284639DB00EED4E3 /* Build configuration list for PBXNativeTarget "runah" */;
			buildPhases = (
				BE3F1DBA284639DB00EED4E3 /* Sources */,
				BE3F1DBB284639DB00EED4E3 /* Frameworks */,
				BE3F1DBC284639DB00EED4E3 /* CopyFiles */,
			);
			buildRules = (
			);
			dependencies = (
			);
			name = runah;
			packageProductDependencies = (
				BE3F1E0228463A9600EED4E3 /* ArgumentParser */,
			);
			productName = runah;
			productReference = BE3F1DBE284639DB00EED4E3 /* runah */;
			productType = "com.apple.product-type.tool";
		};
		BE3F1DF828463A3700EED4E3 /* Tests */ = {
			isa = PBXNativeTarget;
			buildConfigurationList = BE3F1DFD28463A3700EED4E3 /* Build configuration list for PBXNativeTarget "Tests" */;
			buildPhases = (
				BE3F1DF528463A3700EED4E3 /* Sources */,
				BE3F1DF628463A3700EED4E3 /* Frameworks */,
				BE3F1DF728463A3700EED4E3 /* Resources */,
			);
			buildRules = (
			);
			dependencies = (
			);
			name = Tests;
			productName = Tests;
			productReference = BE3F1DF928463A3700EED4E3 /* Tests.xctest */;
			productType = "com.apple.product-type.bundle.unit-test";
		};
/* End PBXNativeTarget section */

/* Begin PBXProject section */
		BE3F1DB6284639DB00EED4E3 /* Project object */ = {
			isa = PBXProject;
			attributes = {
				BuildIndependentTargetsInParallel = 1;
				LastSwiftUpdateCheck = 1320;
				LastUpgradeCheck = 1320;
				TargetAttributes = {
					BE3F1DBD284639DB00EED4E3 = {
						CreatedOnToolsVersion = 13.2.1;
					};
					BE3F1DF828463A3700EED4E3 = {
						CreatedOnToolsVersion = 13.2.1;
					};
				};
			};
			buildConfigurationList = BE3F1DB9284639DB00EED4E3 /* Build configuration list for PBXProject "runah" */;
			compatibilityVersion = "Xcode 13.0";
			developmentRegion = en;
			hasScannedForEncodings = 0;
			knownRegions = (
				en,
				Base,
			);
			mainGroup = BE3F1DB5284639DB00EED4E3;
			packageReferences = (
				BE3F1E0128463A9600EED4E3 /* XCRemoteSwiftPackageReference "swift-argument-parser" */,
			);
			productRefGroup = BE3F1DBF284639DB00EED4E3 /* Products */;
			projectDirPath = "";
			projectRoot = "";
			targets = (
				BE3F1DBD284639DB00EED4E3 /* runah */,
				BE3F1DF828463A3700EED4E3 /* Tests */,
			);
		};
/* End PBXProject section */

/* Begin PBXResourcesBuildPhase section */
		BE3F1DF728463A3700EED4E3 /* Resources */ = {
			isa = PBXResourcesBuildPhase;
			buildActionMask = 2147483647;
			files = (
			);
			runOnlyForDeploymentPostprocessing = 0;
		};
/* End PBXResourcesBuildPhase section */

/* Begin PBXSourcesBuildPhase section */
		BE3F1DBA284639DB00EED4E3 /* Sources */ = {
			isa = PBXSourcesBuildPhase;
			buildActionMask = 2147483647;
			files = (
				BE3F1DDD284639FF00EED4E3 /* URLSession+Extension.swift in Sources */,
				BE3F1DE5284639FF00EED4E3 /* RzdWorker.swift in Sources */,
				BE3F1E0828464EC100EED4E3 /* Target.swift in Sources */,
				BE3F1DE8284639FF00EED4E3 /* main.swift in Sources */,
				BE3F1DE6284639FF00EED4E3 /* RzdRequestGenerator.swift in Sources */,
				BE3F1DE1284639FF00EED4E3 /* RzdStation.swift in Sources */,
				BE3F1E0628464EAC00EED4E3 /* RzdTarget.swift in Sources */,
				BE3F1DE4284639FF00EED4E3 /* RzdJob.swift in Sources */,
				BE3F1DDF284639FF00EED4E3 /* Stats.swift in Sources */,
				BE3F1DDE284639FF00EED4E3 /* Collection+Extensions.swift in Sources */,
				BE3F1DE2284639FF00EED4E3 /* RzdJobGenerator.swift in Sources */,
				BE3F1DE3284639FF00EED4E3 /* Job.swift in Sources */,
				BE3F1DE7284639FF00EED4E3 /* Worker.swift in Sources */,
				BE3F1DE0284639FF00EED4E3 /* RzdResponse.swift in Sources */,
			);
			runOnlyForDeploymentPostprocessing = 0;
		};
		BE3F1DF528463A3700EED4E3 /* Sources */ = {
			isa = PBXSourcesBuildPhase;
			buildActionMask = 2147483647;
			files = (
				BE3F1DFC28463A3700EED4E3 /* Tests.swift in Sources */,
			);
			runOnlyForDeploymentPostprocessing = 0;
		};
/* End PBXSourcesBuildPhase section */

/* Begin XCBuildConfiguration section */
		BE3F1DC3284639DB00EED4E3 /* Debug */ = {
			isa = XCBuildConfiguration;
			buildSettings = {
				ALWAYS_SEARCH_USER_PATHS = NO;
				CLANG_ANALYZER_NONNULL = YES;
				CLANG_ANALYZER_NUMBER_OBJECT_CONVERSION = YES_AGGRESSIVE;
				CLANG_CXX_LANGUAGE_STANDARD = "gnu++17";
				CLANG_CXX_LIBRARY = "libc++";
				CLANG_ENABLE_MODULES = YES;
				CLANG_ENABLE_OBJC_ARC = YES;
				CLANG_ENABLE_OBJC_WEAK = YES;
				CLANG_WARN_BLOCK_CAPTURE_AUTORELEASING = YES;
				CLANG_WARN_BOOL_CONVERSION = YES;
				CLANG_WARN_COMMA = YES;
				CLANG_WARN_CONSTANT_CONVERSION = YES;
				CLANG_WARN_DEPRECATED_OBJC_IMPLEMENTATIONS = YES;
				CLANG_WARN_DIRECT_OBJC_ISA_USAGE = YES_ERROR;
				CLANG_WARN_DOCUMENTATION_COMMENTS = YES;
				CLANG_WARN_EMPTY_BODY = YES;
				CLANG_WARN_ENUM_CONVERSION = YES;
				CLANG_WARN_INFINITE_RECURSION = YES;
				CLANG_WARN_INT_CONVERSION = YES;
				CLANG_WARN_NON_LITERAL_NULL_CONVERSION = YES;
				CLANG_WARN_OBJC_IMPLICIT_RETAIN_SELF = YES;
				CLANG_WARN_OBJC_LITERAL_CONVERSION = YES;
				CLANG_WARN_OBJC_ROOT_CLASS = YES_ERROR;
				CLANG_WARN_QUOTED_INCLUDE_IN_FRAMEWORK_HEADER = YES;
				CLANG_WARN_RANGE_LOOP_ANALYSIS = YES;
				CLANG_WARN_STRICT_PROTOTYPES = YES;
				CLANG_WARN_SUSPICIOUS_MOVE = YES;
				CLANG_WARN_UNGUARDED_AVAILABILITY = YES_AGGRESSIVE;
				CLANG_WARN_UNREACHABLE_CODE = YES;
				CLANG_WARN__DUPLICATE_METHOD_MATCH = YES;
				COPY_PHASE_STRIP = NO;
				DEBUG_INFORMATION_FORMAT = dwarf;
				ENABLE_STRICT_OBJC_MSGSEND = YES;
				ENABLE_TESTABILITY = YES;
				GCC_C_LANGUAGE_STANDARD = gnu11;
				GCC_DYNAMIC_NO_PIC = NO;
				GCC_NO_COMMON_BLOCKS = YES;
				GCC_OPTIMIZATION_LEVEL = 0;
				GCC_PREPROCESSOR_DEFINITIONS = (
					"DEBUG=1",
					"$(inherited)",
				);
				GCC_WARN_64_TO_32_BIT_CONVERSION = YES;
				GCC_WARN_ABOUT_RETURN_TYPE = YES_ERROR;
				GCC_WARN_UNDECLARED_SELECTOR = YES;
				GCC_WARN_UNINITIALIZED_AUTOS = YES_AGGRESSIVE;
				GCC_WARN_UNUSED_FUNCTION = YES;
				GCC_WARN_UNUSED_VARIABLE = YES;
				MACOSX_DEPLOYMENT_TARGET = 12.1;
				MTL_ENABLE_DEBUG_INFO = INCLUDE_SOURCE;
				MTL_FAST_MATH = YES;
				ONLY_ACTIVE_ARCH = YES;
				SDKROOT = macosx;
				SWIFT_ACTIVE_COMPILATION_CONDITIONS = DEBUG;
				SWIFT_OPTIMIZATION_LEVEL = "-Onone";
			};
			name = Debug;
		};
		BE3F1DC4284639DB00EED4E3 /* Release */ = {
			isa = XCBuildConfiguration;
			buildSettings = {
				ALWAYS_SEARCH_USER_PATHS = NO;
				CLANG_ANALYZER_NONNULL = YES;
				CLANG_ANALYZER_NUMBER_OBJECT_CONVERSION = YES_AGGRESSIVE;
				CLANG_CXX_LANGUAGE_STANDARD = "gnu++17";
				CLANG_CXX_LIBRARY = "libc++";
				CLANG_ENABLE_MODULES = YES;
				CLANG_ENABLE_OBJC_ARC = YES;
				CLANG_ENABLE_OBJC_WEAK = YES;
				CLANG_WARN_BLOCK_CAPTURE_AUTORELEASING = YES;
				CLANG_WARN_BOOL_CONVERSION = YES;
				CLANG_WARN_COMMA = YES;
				CLANG_WARN_CONSTANT_CONVERSION = YES;
				CLANG_WARN_DEPRECATED_OBJC_IMPLEMENTATIONS = YES;
				CLANG_WARN_DIRECT_OBJC_ISA_USAGE = YES_ERROR;
				CLANG_WARN_DOCUMENTATION_COMMENTS = YES;
				CLANG_WARN_EMPTY_BODY = YES;
				CLANG_WARN_ENUM_CONVERSION = YES;
				CLANG_WARN_INFINITE_RECURSION = YES;
				CLANG_WARN_INT_CONVERSION = YES;
				CLANG_WARN_NON_LITERAL_NULL_CONVERSION = YES;
				CLANG_WARN_OBJC_IMPLICIT_RETAIN_SELF = YES;
				CLANG_WARN_OBJC_LITERAL_CONVERSION = YES;
				CLANG_WARN_OBJC_ROOT_CLASS = YES_ERROR;
				CLANG_WARN_QUOTED_INCLUDE_IN_FRAMEWORK_HEADER = YES;
				CLANG_WARN_RANGE_LOOP_ANALYSIS = YES;
				CLANG_WARN_STRICT_PROTOTYPES = YES;
				CLANG_WARN_SUSPICIOUS_MOVE = YES;
				CLANG_WARN_UNGUARDED_AVAILABILITY = YES_AGGRESSIVE;
				CLANG_WARN_UNREACHABLE_CODE = YES;
				CLANG_WARN__DUPLICATE_METHOD_MATCH = YES;
				COPY_PHASE_STRIP = NO;
				DEBUG_INFORMATION_FORMAT = "dwarf-with-dsym";
				ENABLE_NS_ASSERTIONS = NO;
				ENABLE_STRICT_OBJC_MSGSEND = YES;
				GCC_C_LANGUAGE_STANDARD = gnu11;
				GCC_NO_COMMON_BLOCKS = YES;
				GCC_WARN_64_TO_32_BIT_CONVERSION = YES;
				GCC_WARN_ABOUT_RETURN_TYPE = YES_ERROR;
				GCC_WARN_UNDECLARED_SELECTOR = YES;
				GCC_WARN_UNINITIALIZED_AUTOS = YES_AGGRESSIVE;
				GCC_WARN_UNUSED_FUNCTION = YES;
				GCC_WARN_UNUSED_VARIABLE = YES;
				MACOSX_DEPLOYMENT_TARGET = 12.1;
				MTL_ENABLE_DEBUG_INFO = NO;
				MTL_FAST_MATH = YES;
				SDKROOT = macosx;
				SWIFT_COMPILATION_MODE = wholemodule;
				SWIFT_OPTIMIZATION_LEVEL = "-O";
			};
			name = Release;
		};
		BE3F1DC6284639DB00EED4E3 /* Debug */ = {
			isa = XCBuildConfiguration;
			buildSettings = {
				CODE_SIGN_STYLE = Automatic;
				PRODUCT_NAME = "$(TARGET_NAME)";
				SWIFT_VERSION = 5.0;
			};
			name = Debug;
		};
		BE3F1DC7284639DB00EED4E3 /* Release */ = {
			isa = XCBuildConfiguration;
			buildSettings = {
				CODE_SIGN_STYLE = Automatic;
				PRODUCT_NAME = "$(TARGET_NAME)";
				SWIFT_VERSION = 5.0;
			};
			name = Release;
		};
		BE3F1DFE28463A3700EED4E3 /* Debug */ = {
			isa = XCBuildConfiguration;
			buildSettings = {
				CODE_SIGN_STYLE = Automatic;
				CURRENT_PROJECT_VERSION = 1;
				GENERATE_INFOPLIST_FILE = YES;
				MARKETING_VERSION = 1.0;
				PRODUCT_BUNDLE_IDENTIFIER = itarmy.Tests;
				PRODUCT_NAME = "$(TARGET_NAME)";
				SWIFT_EMIT_LOC_STRINGS = NO;
				SWIFT_VERSION = 5.0;
			};
			name = Debug;
		};
		BE3F1DFF28463A3700EED4E3 /* Release */ = {
			isa = XCBuildConfiguration;
			buildSettings = {
				CODE_SIGN_STYLE = Automatic;
				CURRENT_PROJECT_VERSION = 1;
				GENERATE_INFOPLIST_FILE = YES;
				MARKETING_VERSION = 1.0;
				PRODUCT_BUNDLE_IDENTIFIER = itarmy.Tests;
				PRODUCT_NAME = "$(TARGET_NAME)";
				SWIFT_EMIT_LOC_STRINGS = NO;
				SWIFT_VERSION = 5.0;
			};
			name = Release;
		};
/* End XCBuildConfiguration section */

/* Begin XCConfigurationList section */
		BE3F1DB9284639DB00EED4E3 /* Build configuration list for PBXProject "runah" */ = {
			isa = XCConfigurationList;
			buildConfigurations = (
				BE3F1DC3284639DB00EED4E3 /* Debug */,
				BE3F1DC4284639DB00EED4E3 /* Release */,
			);
			defaultConfigurationIsVisible = 0;
			defaultConfigurationName = Release;
		};
		BE3F1DC5284639DB00EED4E3 /* Build configuration list for PBXNativeTarget "runah" */ = {
			isa = XCConfigurationList;
			buildConfigurations = (
				BE3F1DC6284639DB00EED4E3 /* Debug */,
				BE3F1DC7284639DB00EED4E3 /* Release */,
			);
			defaultConfigurationIsVisible = 0;
			defaultConfigurationName = Release;
		};
		BE3F1DFD28463A3700EED4E3 /* Build configuration list for PBXNativeTarget "Tests" */ = {
			isa = XCConfigurationList;
			buildConfigurations = (
				BE3F1DFE28463A3700EED4E3 /* Debug */,
				BE3F1DFF28463A3700EED4E3 /* Release */,
			);
			defaultConfigurationIsVisible = 0;
			defaultConfigurationName = Release;
		};
/* End XCConfigurationList section */

/* Begin XCRemoteSwiftPackageReference section */
		BE3F1E0128463A9600EED4E3 /* XCRemoteSwiftPackageReference "swift-argument-parser" */ = {
			isa = XCRemoteSwiftPackageReference;
			repositoryURL = "https://github.com/apple/swift-argument-parser.git";
			requirement = {
				kind = upToNextMajorVersion;
				minimumVersion = 1.0.0;
			};
		};
/* End XCRemoteSwiftPackageReference section */

/* Begin XCSwiftPackageProductDependency section */
		BE3F1E0228463A9600EED4E3 /* ArgumentParser */ = {
			isa = XCSwiftPackageProductDependency;
			package = BE3F1E0128463A9600EED4E3 /* XCRemoteSwiftPackageReference "swift-argument-parser" */;
			productName = ArgumentParser;
		};
/* End XCSwiftPackageProductDependency section */
	};
	rootObject = BE3F1DB6284639DB00EED4E3 /* Project object */;
}
